
Microsoft Visual Studio Solution File, Format Version 12.00
Project("{FAE04EC0-301F-11D3-BF4B-00C04F79EFBC}") = "ThesareaClient", "ThesareaClient.csproj", "{403355E6-3280-4E05-AA68-B9A6423E5F8B}"
EndProject
Global
	GlobalSection(SolutionConfigurationPlatforms) = preSolution
		Debug|Any CPU = Debug|Any CPU
		Release|Any CPU = Release|Any CPU
	EndGlobalSection
	GlobalSection(ProjectConfigurationPlatforms) = postSolution
		{403355E6-3280-4E05-AA68-B9A6423E5F8B}.Debug|Any CPU.ActiveCfg = Debug|Any CPU
		{403355E6-3280-4E05-AA68-B9A6423E5F8B}.Debug|Any CPU.Build.0 = Debug|Any CPU
		{403355E6-3280-4E05-AA68-B9A6423E5F8B}.Release|Any CPU.ActiveCfg = Release|Any CPU
		{403355E6-3280-4E05-AA68-B9A6423E5F8B}.Release|Any CPU.Build.0 = Release|Any CPU
	EndGlobalSection
EndGlobal
